
Microsoft Visual Studio Solution File, Format Version 12.00
# Visual Studio 15
VisualStudioVersion = 15.0.28010.2050
MinimumVisualStudioVersion = 10.0.40219.1
Project("{FAE04EC0-301F-11D3-BF4B-00C04F79EFBC}") = "ReferenceVars", "ConsoleApp1\ReferenceVars.csproj", "{FDCFE922-7706-44B2-A51C-3B5A33530D79}"
EndProject
Global
	GlobalSection(SolutionConfigurationPlatforms) = preSolution
		Debug|Any CPU = Debug|Any CPU
		Release|Any CPU = Release|Any CPU
	EndGlobalSection
	GlobalSection(ProjectConfigurationPlatforms) = postSolution
		{FDCFE922-7706-44B2-A51C-3B5A33530D79}.Debug|Any CPU.ActiveCfg = Debug|Any CPU
		{FDCFE922-7706-44B2-A51C-3B5A33530D79}.Debug|Any CPU.Build.0 = Debug|Any CPU
		{FDCFE922-7706-44B2-A51C-3B5A33530D79}.Release|Any CPU.ActiveCfg = Release|Any CPU
		{FDCFE922-7706-44B2-A51C-3B5A33530D79}.Release|Any CPU.Build.0 = Release|Any CPU
	EndGlobalSection
	GlobalSection(SolutionProperties) = preSolution
		HideSolutionNode = FALSE
	EndGlobalSection
	GlobalSection(ExtensibilityGlobals) = postSolution
		SolutionGuid = {A0C9D62F-628E-490D-8511-770F078B6713}
	EndGlobalSection
EndGlobal
