
Microsoft Visual Studio Solution File, Format Version 12.00
# Visual Studio 15
VisualStudioVersion = 15.0.28010.2050
MinimumVisualStudioVersion = 10.0.40219.1
Project("{FAE04EC0-301F-11D3-BF4B-00C04F79EFBC}") = "RoutesMVC", "RoutesMVC\RoutesMVC.csproj", "{A9367BA1-A9C9-4CD8-A3F6-8BC18D1CA2A7}"
EndProject
Global
	GlobalSection(SolutionConfigurationPlatforms) = preSolution
		Debug|Any CPU = Debug|Any CPU
		Release|Any CPU = Release|Any CPU
	EndGlobalSection
	GlobalSection(ProjectConfigurationPlatforms) = postSolution
		{A9367BA1-A9C9-4CD8-A3F6-8BC18D1CA2A7}.Debug|Any CPU.ActiveCfg = Debug|Any CPU
		{A9367BA1-A9C9-4CD8-A3F6-8BC18D1CA2A7}.Debug|Any CPU.Build.0 = Debug|Any CPU
		{A9367BA1-A9C9-4CD8-A3F6-8BC18D1CA2A7}.Release|Any CPU.ActiveCfg = Release|Any CPU
		{A9367BA1-A9C9-4CD8-A3F6-8BC18D1CA2A7}.Release|Any CPU.Build.0 = Release|Any CPU
	EndGlobalSection
	GlobalSection(SolutionProperties) = preSolution
		HideSolutionNode = FALSE
	EndGlobalSection
	GlobalSection(ExtensibilityGlobals) = postSolution
		SolutionGuid = {7C597E96-069D-484E-A6A4-5DE3B99419FE}
	EndGlobalSection
EndGlobal
