
Microsoft Visual Studio Solution File, Format Version 12.00
# Visual Studio 15
VisualStudioVersion = 15.0.28010.2050
MinimumVisualStudioVersion = 10.0.40219.1
Project("{FAE04EC0-301F-11D3-BF4B-00C04F79EFBC}") = "MiddlewareTestApp", "MiddlewareTestApp\MiddlewareTestApp.csproj", "{1A74AAE7-39FD-470C-A974-3231C8AFFB88}"
EndProject
Global
	GlobalSection(SolutionConfigurationPlatforms) = preSolution
		Debug|Any CPU = Debug|Any CPU
		Release|Any CPU = Release|Any CPU
	EndGlobalSection
	GlobalSection(ProjectConfigurationPlatforms) = postSolution
		{1A74AAE7-39FD-470C-A974-3231C8AFFB88}.Debug|Any CPU.ActiveCfg = Debug|Any CPU
		{1A74AAE7-39FD-470C-A974-3231C8AFFB88}.Debug|Any CPU.Build.0 = Debug|Any CPU
		{1A74AAE7-39FD-470C-A974-3231C8AFFB88}.Release|Any CPU.ActiveCfg = Release|Any CPU
		{1A74AAE7-39FD-470C-A974-3231C8AFFB88}.Release|Any CPU.Build.0 = Release|Any CPU
	EndGlobalSection
	GlobalSection(SolutionProperties) = preSolution
		HideSolutionNode = FALSE
	EndGlobalSection
	GlobalSection(ExtensibilityGlobals) = postSolution
		SolutionGuid = {AB8D1B58-6309-4D3D-9911-7EF0A4BCC52E}
	EndGlobalSection
EndGlobal
