
Microsoft Visual Studio Solution File, Format Version 12.00
# Visual Studio 15
VisualStudioVersion = 15.0.28010.2050
MinimumVisualStudioVersion = 10.0.40219.1
Project("{FAE04EC0-301F-11D3-BF4B-00C04F79EFBC}") = "SyntacticSugar", "SyntacticSugar\SyntacticSugar.csproj", "{779A54C0-4165-4057-A764-CC50DF27CE76}"
EndProject
Global
	GlobalSection(SolutionConfigurationPlatforms) = preSolution
		Debug|Any CPU = Debug|Any CPU
		Release|Any CPU = Release|Any CPU
	EndGlobalSection
	GlobalSection(ProjectConfigurationPlatforms) = postSolution
		{779A54C0-4165-4057-A764-CC50DF27CE76}.Debug|Any CPU.ActiveCfg = Debug|Any CPU
		{779A54C0-4165-4057-A764-CC50DF27CE76}.Debug|Any CPU.Build.0 = Debug|Any CPU
		{779A54C0-4165-4057-A764-CC50DF27CE76}.Release|Any CPU.ActiveCfg = Release|Any CPU
		{779A54C0-4165-4057-A764-CC50DF27CE76}.Release|Any CPU.Build.0 = Release|Any CPU
	EndGlobalSection
	GlobalSection(SolutionProperties) = preSolution
		HideSolutionNode = FALSE
	EndGlobalSection
	GlobalSection(ExtensibilityGlobals) = postSolution
		SolutionGuid = {FECEF694-CD12-4B61-A6AB-4ABAF7B1133E}
	EndGlobalSection
EndGlobal
